
Microsoft Visual Studio Solution File, Format Version 12.00
# Visual Studio 15
VisualStudioVersion = 15.0.28010.2046
MinimumVisualStudioVersion = 10.0.40219.1
Project("{888888A0-9F3D-457C-B088-3A5042F75D52}") = "backend", "backend.pyproj", "{1F950A57-E745-4699-A2AA-675AD3932BAA}"
EndProject
Global
	GlobalSection(SolutionConfigurationPlatforms) = preSolution
		Debug|Any CPU = Debug|Any CPU
		Release|Any CPU = Release|Any CPU
	EndGlobalSection
	GlobalSection(ProjectConfigurationPlatforms) = postSolution
		{1F950A57-E745-4699-A2AA-675AD3932BAA}.Debug|Any CPU.ActiveCfg = Debug|Any CPU
		{1F950A57-E745-4699-A2AA-675AD3932BAA}.Debug|Any CPU.Build.0 = Debug|Any CPU
		{1F950A57-E745-4699-A2AA-675AD3932BAA}.Release|Any CPU.ActiveCfg = Release|Any CPU
		{1F950A57-E745-4699-A2AA-675AD3932BAA}.Release|Any CPU.Build.0 = Release|Any CPU
	EndGlobalSection
	GlobalSection(SolutionProperties) = preSolution
		HideSolutionNode = FALSE
	EndGlobalSection
	GlobalSection(ExtensibilityGlobals) = postSolution
		SolutionGuid = {46088E29-6F6C-4161-B6A9-97472247F54B}
	EndGlobalSection
EndGlobal
